
Microsoft Visual Studio Solution File, Format Version 12.00
# Visual Studio Version 16
VisualStudioVersion = 16.0.30114.105
MinimumVisualStudioVersion = 10.0.40219.1
Project("{FAE04EC0-301F-11D3-BF4B-00C04F79EFBC}") = "dotnetTest.Api", "dotnetTest.Api\dotnetTest.Api.csproj", "{36DCB672-D7DA-4349-A036-20E0ADE78318}"
EndProject
Global
	GlobalSection(SolutionConfigurationPlatforms) = preSolution
		Debug|Any CPU = Debug|Any CPU
		Release|Any CPU = Release|Any CPU
	EndGlobalSection
	GlobalSection(SolutionProperties) = preSolution
		HideSolutionNode = FALSE
	EndGlobalSection
	GlobalSection(ProjectConfigurationPlatforms) = postSolution
		{36DCB672-D7DA-4349-A036-20E0ADE78318}.Debug|Any CPU.ActiveCfg = Debug|Any CPU
		{36DCB672-D7DA-4349-A036-20E0ADE78318}.Debug|Any CPU.Build.0 = Debug|Any CPU
		{36DCB672-D7DA-4349-A036-20E0ADE78318}.Release|Any CPU.ActiveCfg = Release|Any CPU
		{36DCB672-D7DA-4349-A036-20E0ADE78318}.Release|Any CPU.Build.0 = Release|Any CPU
	EndGlobalSection
EndGlobal
